{
  "name": "@maestro-orchestrator/maestro",
  "version": "1.6.3",
  "lockfileVersion": 3,
  "requires": true,
  "packages": {
    "": {
      "name": "@maestro-orchestrator/maestro",
      "version": "1.6.3",
      "license": "Apache-2.0",
      "bin": {
        "maestro-install-codex": "scripts/install-codex-plugin.js",
        "maestro-mcp-server": "bin/maestro-mcp-server.js"
      },
      "engines": {
        "node": ">=20"
      }
    }
  }
}
